
Microsoft Visual Studio Solution File, Format Version 12.00
# Visual Studio Version 16
VisualStudioVersion = 16.0.31313.79
MinimumVisualStudioVersion = 10.0.40219.1
Project("{9A19103F-16F7-4668-BE54-9A1E7A4F7556}") = "IsItALeapYear1", "IsItALeapYear1\IsItALeapYear1.csproj", "{F7F4D4E9-33DA-41E3-A245-82F788484BB4}"
EndProject
Project("{FAE04EC0-301F-11D3-BF4B-00C04F79EFBC}") = "TestcasesProject", "TestcasesProject\TestcasesProject.csproj", "{1693E212-2154-4114-AB9A-030096B4AE9F}"
EndProject
Global
	GlobalSection(SolutionConfigurationPlatforms) = preSolution
		Debug|Any CPU = Debug|Any CPU
		Release|Any CPU = Release|Any CPU
	EndGlobalSection
	GlobalSection(ProjectConfigurationPlatforms) = postSolution
		{F7F4D4E9-33DA-41E3-A245-82F788484BB4}.Debug|Any CPU.ActiveCfg = Debug|Any CPU
		{F7F4D4E9-33DA-41E3-A245-82F788484BB4}.Debug|Any CPU.Build.0 = Debug|Any CPU
		{F7F4D4E9-33DA-41E3-A245-82F788484BB4}.Release|Any CPU.ActiveCfg = Release|Any CPU
		{F7F4D4E9-33DA-41E3-A245-82F788484BB4}.Release|Any CPU.Build.0 = Release|Any CPU
		{1693E212-2154-4114-AB9A-030096B4AE9F}.Debug|Any CPU.ActiveCfg = Debug|Any CPU
		{1693E212-2154-4114-AB9A-030096B4AE9F}.Debug|Any CPU.Build.0 = Debug|Any CPU
		{1693E212-2154-4114-AB9A-030096B4AE9F}.Release|Any CPU.ActiveCfg = Release|Any CPU
		{1693E212-2154-4114-AB9A-030096B4AE9F}.Release|Any CPU.Build.0 = Release|Any CPU
	EndGlobalSection
	GlobalSection(SolutionProperties) = preSolution
		HideSolutionNode = FALSE
	EndGlobalSection
	GlobalSection(ExtensibilityGlobals) = postSolution
		SolutionGuid = {F0435953-186B-4E21-B736-9D8AEA67AAC5}
	EndGlobalSection
EndGlobal
